
Microsoft Visual Studio Solution File, Format Version 12.00
# Visual Studio Version 17
VisualStudioVersion = 17.5.33627.172
MinimumVisualStudioVersion = 10.0.40219.1
Project("{FAE04EC0-301F-11D3-BF4B-00C04F79EFBC}") = "Algorithmics", "Algorithmics\Algorithmics.csproj", "{0D6B9E3F-0A2C-4907-B41C-8B27B88429BC}"
EndProject
Global
	GlobalSection(SolutionConfigurationPlatforms) = preSolution
		Debug|Any CPU = Debug|Any CPU
		Release|Any CPU = Release|Any CPU
	EndGlobalSection
	GlobalSection(ProjectConfigurationPlatforms) = postSolution
		{0D6B9E3F-0A2C-4907-B41C-8B27B88429BC}.Debug|Any CPU.ActiveCfg = Debug|Any CPU
		{0D6B9E3F-0A2C-4907-B41C-8B27B88429BC}.Debug|Any CPU.Build.0 = Debug|Any CPU
		{0D6B9E3F-0A2C-4907-B41C-8B27B88429BC}.Release|Any CPU.ActiveCfg = Release|Any CPU
		{0D6B9E3F-0A2C-4907-B41C-8B27B88429BC}.Release|Any CPU.Build.0 = Release|Any CPU
	EndGlobalSection
	GlobalSection(SolutionProperties) = preSolution
		HideSolutionNode = FALSE
	EndGlobalSection
	GlobalSection(ExtensibilityGlobals) = postSolution
		SolutionGuid = {02E35098-39A7-43FE-994E-83838BDE577E}
	EndGlobalSection
EndGlobal
